// !$*UTF8*$!
{
	archiveVersion = 1;
	classes = {
	};
	objectVersion = 50;
	objects = {

/* Begin PBXBuildFile section */
		12558FE224A0F42B00D02F31 /* AppDelegate.swift in Sources */ = {isa = PBXBuildFile; fileRef = 12558FE124A0F42B00D02F31 /* AppDelegate.swift */; };
		12558FE424A0F42C00D02F31 /* SceneDelegate.swift in Sources */ = {isa = PBXBuildFile; fileRef = 12558FE324A0F42C00D02F31 /* SceneDelegate.swift */; };
		12558FE924A0F42C00D02F31 /* Main.storyboard in Resources */ = {isa = PBXBuildFile; fileRef = 12558FE724A0F42C00D02F31 /* Main.storyboard */; };
		12558FEC24A0F42C00D02F31 /* ToDoList.xcdatamodeld in Sources */ = {isa = PBXBuildFile; fileRef = 12558FEA24A0F42C00D02F31 /* ToDoList.xcdatamodeld */; };
		12558FEE24A0F43900D02F31 /* Assets.xcassets in Resources */ = {isa = PBXBuildFile; fileRef = 12558FED24A0F43900D02F31 /* Assets.xcassets */; };
		12558FF124A0F43900D02F31 /* LaunchScreen.storyboard in Resources */ = {isa = PBXBuildFile; fileRef = 12558FEF24A0F43900D02F31 /* LaunchScreen.storyboard */; };
		12558FF924A0F78200D02F31 /* ToDoTableViewController.swift in Sources */ = {isa = PBXBuildFile; fileRef = 12558FF824A0F78200D02F31 /* ToDoTableViewController.swift */; };
		12558FFB24A0F7E000D02F31 /* ToDo.swift in Sources */ = {isa = PBXBuildFile; fileRef = 12558FFA24A0F7E000D02F31 /* ToDo.swift */; };
		12558FFD24A1862000D02F31 /* AddToDoViewController.swift in Sources */ = {isa = PBXBuildFile; fileRef = 12558FFC24A1862000D02F31 /* AddToDoViewController.swift */; };
		12558FFF24A1906700D02F31 /* CompleteToDoViewController.swift in Sources */ = {isa = PBXBuildFile; fileRef = 12558FFE24A1906700D02F31 /* CompleteToDoViewController.swift */; };
/* End PBXBuildFile section */

/* Begin PBXFileReference section */
		12558FDE24A0F42B00D02F31 /* ToDoList.app */ = {isa = PBXFileReference; explicitFileType = wrapper.application; includeInIndex = 0; path = ToDoList.app; sourceTree = BUILT_PRODUCTS_DIR; };
		12558FE124A0F42B00D02F31 /* AppDelegate.swift */ = {isa = PBXFileReference; lastKnownFileType = sourcecode.swift; path = AppDelegate.swift; sourceTree = "<group>"; };
		12558FE324A0F42C00D02F31 /* SceneDelegate.swift */ = {isa = PBXFileReference; lastKnownFileType = sourcecode.swift; path = SceneDelegate.swift; sourceTree = "<group>"; };
		12558FE824A0F42C00D02F31 /* Base */ = {isa = PBXFileReference; lastKnownFileType = file.storyboard; name = Base; path = Base.lproj/Main.storyboard; sourceTree = "<group>"; };
		12558FEB24A0F42C00D02F31 /* ToDoList.xcdatamodel */ = {isa = PBXFileReference; lastKnownFileType = wrapper.xcdatamodel; path = ToDoList.xcdatamodel; sourceTree = "<group>"; };
		12558FED24A0F43900D02F31 /* Assets.xcassets */ = {isa = PBXFileReference; lastKnownFileType = folder.assetcatalog; path = Assets.xcassets; sourceTree = "<group>"; };
		12558FF024A0F43900D02F31 /* Base */ = {isa = PBXFileReference; lastKnownFileType = file.storyboard; name = Base; path = Base.lproj/LaunchScreen.storyboard; sourceTree = "<group>"; };
		12558FF224A0F43900D02F31 /* Info.plist */ = {isa = PBXFileReference; lastKnownFileType = text.plist.xml; path = Info.plist; sourceTree = "<group>"; };
		12558FF824A0F78200D02F31 /* ToDoTableViewController.swift */ = {isa = PBXFileReference; lastKnownFileType = sourcecode.swift; path = ToDoTableViewController.swift; sourceTree = "<group>"; };
		12558FFA24A0F7E000D02F31 /* ToDo.swift */ = {isa = PBXFileReference; lastKnownFileType = sourcecode.swift; path = ToDo.swift; sourceTree = "<group>"; };
		12558FFC24A1862000D02F31 /* AddToDoViewController.swift */ = {isa = PBXFileReference; lastKnownFileType = sourcecode.swift; path = AddToDoViewController.swift; sourceTree = "<group>"; };
		12558FFE24A1906700D02F31 /* CompleteToDoViewController.swift */ = {isa = PBXFileReference; lastKnownFileType = sourcecode.swift; path = CompleteToDoViewController.swift; sourceTree = "<group>"; };
/* End PBXFileReference section */

/* Begin PBXFrameworksBuildPhase section */
		12558FDB24A0F42B00D02F31 /* Frameworks */ = {
			isa = PBXFrameworksBuildPhase;
			buildActionMask = 2147483647;
			files = (
			);
			runOnlyForDeploymentPostprocessing = 0;
		};
/* End PBXFrameworksBuildPhase section */

/* Begin PBXGroup section */
		12558FD524A0F42B00D02F31 = {
			isa = PBXGroup;
			children = (
				12558FE024A0F42B00D02F31 /* ToDoList */,
				12558FDF24A0F42B00D02F31 /* Products */,
			);
			sourceTree = "<group>";
		};
		12558FDF24A0F42B00D02F31 /* Products */ = {
			isa = PBXGroup;
			children = (
				12558FDE24A0F42B00D02F31 /* ToDoList.app */,
			);
			name = Products;
			sourceTree = "<group>";
		};
		12558FE024A0F42B00D02F31 /* ToDoList */ = {
			isa = PBXGroup;
			children = (
				12558FE124A0F42B00D02F31 /* AppDelegate.swift */,
				12558FE324A0F42C00D02F31 /* SceneDelegate.swift */,
				12558FE724A0F42C00D02F31 /* Main.storyboard */,
				12558FED24A0F43900D02F31 /* Assets.xcassets */,
				12558FEF24A0F43900D02F31 /* LaunchScreen.storyboard */,
				12558FF224A0F43900D02F31 /* Info.plist */,
				12558FEA24A0F42C00D02F31 /* ToDoList.xcdatamodeld */,
				12558FF824A0F78200D02F31 /* ToDoTableViewController.swift */,
				12558FFA24A0F7E000D02F31 /* ToDo.swift */,
				12558FFC24A1862000D02F31 /* AddToDoViewController.swift */,
				12558FFE24A1906700D02F31 /* CompleteToDoViewController.swift */,
			);
			path = ToDoList;
			sourceTree = "<group>";
		};
/* End PBXGroup section */

/* Begin PBXNativeTarget section */
		12558FDD24A0F42B00D02F31 /* ToDoList */ = {
			isa = PBXNativeTarget;
			buildConfigurationList = 12558FF524A0F43900D02F31 /* Build configuration list for PBXNativeTarget "ToDoList" */;
			buildPhases = (
				12558FDA24A0F42B00D02F31 /* Sources */,
				12558FDB24A0F42B00D02F31 /* Frameworks */,
				12558FDC24A0F42B00D02F31 /* Resources */,
			);
			buildRules = (
			);
			dependencies = (
			);
			name = ToDoList;
			productName = ToDoList;
			productReference = 12558FDE24A0F42B00D02F31 /* ToDoList.app */;
			productType = "com.apple.product-type.application";
		};
/* End PBXNativeTarget section */

/* Begin PBXProject section */
		12558FD624A0F42B00D02F31 /* Project object */ = {
			isa = PBXProject;
			attributes = {
				LastSwiftUpdateCheck = 1150;
				LastUpgradeCheck = 1150;
				ORGANIZATIONNAME = "Aisha Choudery";
				TargetAttributes = {
					12558FDD24A0F42B00D02F31 = {
						CreatedOnToolsVersion = 11.5;
					};
				};
			};
			buildConfigurationList = 12558FD924A0F42B00D02F31 /* Build configuration list for PBXProject "ToDoList" */;
			compatibilityVersion = "Xcode 9.3";
			developmentRegion = en;
			hasScannedForEncodings = 0;
			knownRegions = (
				en,
				Base,
			);
			mainGroup = 12558FD524A0F42B00D02F31;
			productRefGroup = 12558FDF24A0F42B00D02F31 /* Products */;
			projectDirPath = "";
			projectRoot = "";
			targets = (
				12558FDD24A0F42B00D02F31 /* ToDoList */,
			);
		};
/* End PBXProject section */

/* Begin PBXResourcesBuildPhase section */
		12558FDC24A0F42B00D02F31 /* Resources */ = {
			isa = PBXResourcesBuildPhase;
			buildActionMask = 2147483647;
			files = (
				12558FF124A0F43900D02F31 /* LaunchScreen.storyboard in Resources */,
				12558FEE24A0F43900D02F31 /* Assets.xcassets in Resources */,
				12558FE924A0F42C00D02F31 /* Main.storyboard in Resources */,
			);
			runOnlyForDeploymentPostprocessing = 0;
		};
/* End PBXResourcesBuildPhase section */

/* Begin PBXSourcesBuildPhase section */
		12558FDA24A0F42B00D02F31 /* Sources */ = {
			isa = PBXSourcesBuildPhase;
			buildActionMask = 2147483647;
			files = (
				12558FE224A0F42B00D02F31 /* AppDelegate.swift in Sources */,
				12558FFB24A0F7E000D02F31 /* ToDo.swift in Sources */,
				12558FF924A0F78200D02F31 /* ToDoTableViewController.swift in Sources */,
				12558FFF24A1906700D02F31 /* CompleteToDoViewController.swift in Sources */,
				12558FE424A0F42C00D02F31 /* SceneDelegate.swift in Sources */,
				12558FFD24A1862000D02F31 /* AddToDoViewController.swift in Sources */,
				12558FEC24A0F42C00D02F31 /* ToDoList.xcdatamodeld in Sources */,
			);
			runOnlyForDeploymentPostprocessing = 0;
		};
/* End PBXSourcesBuildPhase section */

/* Begin PBXVariantGroup section */
		12558FE724A0F42C00D02F31 /* Main.storyboard */ = {
			isa = PBXVariantGroup;
			children = (
				12558FE824A0F42C00D02F31 /* Base */,
			);
			name = Main.storyboard;
			sourceTree = "<group>";
		};
		12558FEF24A0F43900D02F31 /* LaunchScreen.storyboard */ = {
			isa = PBXVariantGroup;
			children = (
				12558FF024A0F43900D02F31 /* Base */,
			);
			name = LaunchScreen.storyboard;
			sourceTree = "<group>";
		};
/* End PBXVariantGroup section */

/* Begin XCBuildConfiguration section */
		12558FF324A0F43900D02F31 /* Debug */ = {
			isa = XCBuildConfiguration;
			buildSettings = {
				ALWAYS_SEARCH_USER_PATHS = NO;
				CLANG_ANALYZER_NONNULL = YES;
				CLANG_ANALYZER_NUMBER_OBJECT_CONVERSION = YES_AGGRESSIVE;
				CLANG_CXX_LANGUAGE_STANDARD = "gnu++14";
				CLANG_CXX_LIBRARY = "libc++";
				CLANG_ENABLE_MODULES = YES;
				CLANG_ENABLE_OBJC_ARC = YES;
				CLANG_ENABLE_OBJC_WEAK = YES;
				CLANG_WARN_BLOCK_CAPTURE_AUTORELEASING = YES;
				CLANG_WARN_BOOL_CONVERSION = YES;
				CLANG_WARN_COMMA = YES;
				CLANG_WARN_CONSTANT_CONVERSION = YES;
				CLANG_WARN_DEPRECATED_OBJC_IMPLEMENTATIONS = YES;
				CLANG_WARN_DIRECT_OBJC_ISA_USAGE = YES_ERROR;
				CLANG_WARN_DOCUMENTATION_COMMENTS = YES;
				CLANG_WARN_EMPTY_BODY = YES;
				CLANG_WARN_ENUM_CONVERSION = YES;
				CLANG_WARN_INFINITE_RECURSION = YES;
				CLANG_WARN_INT_CONVERSION = YES;
				CLANG_WARN_NON_LITERAL_NULL_CONVERSION = YES;
				CLANG_WARN_OBJC_IMPLICIT_RETAIN_SELF = YES;
				CLANG_WARN_OBJC_LITERAL_CONVERSION = YES;
				CLANG_WARN_OBJC_ROOT_CLASS = YES_ERROR;
				CLANG_WARN_RANGE_LOOP_ANALYSIS = YES;
				CLANG_WARN_STRICT_PROTOTYPES = YES;
				CLANG_WARN_SUSPICIOUS_MOVE = YES;
				CLANG_WARN_UNGUARDED_AVAILABILITY = YES_AGGRESSIVE;
				CLANG_WARN_UNREACHABLE_CODE = YES;
				CLANG_WARN__DUPLICATE_METHOD_MATCH = YES;
				COPY_PHASE_STRIP = NO;
				DEBUG_INFORMATION_FORMAT = dwarf;
				ENABLE_STRICT_OBJC_MSGSEND = YES;
				ENABLE_TESTABILITY = YES;
				GCC_C_LANGUAGE_STANDARD = gnu11;
				GCC_DYNAMIC_NO_PIC = NO;
				GCC_NO_COMMON_BLOCKS = YES;
				GCC_OPTIMIZATION_LEVEL = 0;
				GCC_PREPROCESSOR_DEFINITIONS = (
					"DEBUG=1",
					"$(inherited)",
				);
				GCC_WARN_64_TO_32_BIT_CONVERSION = YES;
				GCC_WARN_ABOUT_RETURN_TYPE = YES_ERROR;
				GCC_WARN_UNDECLARED_SELECTOR = YES;
				GCC_WARN_UNINITIALIZED_AUTOS = YES_AGGRESSIVE;
				GCC_WARN_UNUSED_FUNCTION = YES;
				GCC_WARN_UNUSED_VARIABLE = YES;
				IPHONEOS_DEPLOYMENT_TARGET = 13.5;
				MTL_ENABLE_DEBUG_INFO = INCLUDE_SOURCE;
				MTL_FAST_MATH = YES;
				ONLY_ACTIVE_ARCH = YES;
				SDKROOT = iphoneos;
				SWIFT_ACTIVE_COMPILATION_CONDITIONS = DEBUG;
				SWIFT_OPTIMIZATION_LEVEL = "-Onone";
			};
			name = Debug;
		};
		12558FF424A0F43900D02F31 /* Release */ = {
			isa = XCBuildConfiguration;
			buildSettings = {
				ALWAYS_SEARCH_USER_PATHS = NO;
				CLANG_ANALYZER_NONNULL = YES;
				CLANG_ANALYZER_NUMBER_OBJECT_CONVERSION = YES_AGGRESSIVE;
				CLANG_CXX_LANGUAGE_STANDARD = "gnu++14";
				CLANG_CXX_LIBRARY = "libc++";
				CLANG_ENABLE_MODULES = YES;
				CLANG_ENABLE_OBJC_ARC = YES;
				CLANG_ENABLE_OBJC_WEAK = YES;
				CLANG_WARN_BLOCK_CAPTURE_AUTORELEASING = YES;
				CLANG_WARN_BOOL_CONVERSION = YES;
				CLANG_WARN_COMMA = YES;
				CLANG_WARN_CONSTANT_CONVERSION = YES;
				CLANG_WARN_DEPRECATED_OBJC_IMPLEMENTATIONS = YES;
				CLANG_WARN_DIRECT_OBJC_ISA_USAGE = YES_ERROR;
				CLANG_WARN_DOCUMENTATION_COMMENTS = YES;
				CLANG_WARN_EMPTY_BODY = YES;
				CLANG_WARN_ENUM_CONVERSION = YES;
				CLANG_WARN_INFINITE_RECURSION = YES;
				CLANG_WARN_INT_CONVERSION = YES;
				CLANG_WARN_NON_LITERAL_NULL_CONVERSION = YES;
				CLANG_WARN_OBJC_IMPLICIT_RETAIN_SELF = YES;
				CLANG_WARN_OBJC_LITERAL_CONVERSION = YES;
				CLANG_WARN_OBJC_ROOT_CLASS = YES_ERROR;
				CLANG_WARN_RANGE_LOOP_ANALYSIS = YES;
				CLANG_WARN_STRICT_PROTOTYPES = YES;
				CLANG_WARN_SUSPICIOUS_MOVE = YES;
				CLANG_WARN_UNGUARDED_AVAILABILITY = YES_AGGRESSIVE;
				CLANG_WARN_UNREACHABLE_CODE = YES;
				CLANG_WARN__DUPLICATE_METHOD_MATCH = YES;
				COPY_PHASE_STRIP = NO;
				DEBUG_INFORMATION_FORMAT = "dwarf-with-dsym";
				ENABLE_NS_ASSERTIONS = NO;
				ENABLE_STRICT_OBJC_MSGSEND = YES;
				GCC_C_LANGUAGE_STANDARD = gnu11;
				GCC_NO_COMMON_BLOCKS = YES;
				GCC_WARN_64_TO_32_BIT_CONVERSION = YES;
				GCC_WARN_ABOUT_RETURN_TYPE = YES_ERROR;
				GCC_WARN_UNDECLARED_SELECTOR = YES;
				GCC_WARN_UNINITIALIZED_AUTOS = YES_AGGRESSIVE;
				GCC_WARN_UNUSED_FUNCTION = YES;
				GCC_WARN_UNUSED_VARIABLE = YES;
				IPHONEOS_DEPLOYMENT_TARGET = 13.5;
				MTL_ENABLE_DEBUG_INFO = NO;
				MTL_FAST_MATH = YES;
				SDKROOT = iphoneos;
				SWIFT_COMPILATION_MODE = wholemodule;
				SWIFT_OPTIMIZATION_LEVEL = "-O";
				VALIDATE_PRODUCT = YES;
			};
			name = Release;
		};
		12558FF624A0F43900D02F31 /* Debug */ = {
			isa = XCBuildConfiguration;
			buildSettings = {
				ASSETCATALOG_COMPILER_APPICON_NAME = AppIcon;
				CODE_SIGN_STYLE = Automatic;
				INFOPLIST_FILE = ToDoList/Info.plist;
				LD_RUNPATH_SEARCH_PATHS = (
					"$(inherited)",
					"@executable_path/Frameworks",
				);
				PRODUCT_BUNDLE_IDENTIFIER = "Aisha-Choudery.ToDoList";
				PRODUCT_NAME = "$(TARGET_NAME)";
				SWIFT_VERSION = 5.0;
				TARGETED_DEVICE_FAMILY = "1,2";
			};
			name = Debug;
		};
		12558FF724A0F43900D02F31 /* Release */ = {
			isa = XCBuildConfiguration;
			buildSettings = {
				ASSETCATALOG_COMPILER_APPICON_NAME = AppIcon;
				CODE_SIGN_STYLE = Automatic;
				INFOPLIST_FILE = ToDoList/Info.plist;
				LD_RUNPATH_SEARCH_PATHS = (
					"$(inherited)",
					"@executable_path/Frameworks",
				);
				PRODUCT_BUNDLE_IDENTIFIER = "Aisha-Choudery.ToDoList";
				PRODUCT_NAME = "$(TARGET_NAME)";
				SWIFT_VERSION = 5.0;
				TARGETED_DEVICE_FAMILY = "1,2";
			};
			name = Release;
		};
/* End XCBuildConfiguration section */

/* Begin XCConfigurationList section */
		12558FD924A0F42B00D02F31 /* Build configuration list for PBXProject "ToDoList" */ = {
			isa = XCConfigurationList;
			buildConfigurations = (
				12558FF324A0F43900D02F31 /* Debug */,
				12558FF424A0F43900D02F31 /* Release */,
			);
			defaultConfigurationIsVisible = 0;
			defaultConfigurationName = Release;
		};
		12558FF524A0F43900D02F31 /* Build configuration list for PBXNativeTarget "ToDoList" */ = {
			isa = XCConfigurationList;
			buildConfigurations = (
				12558FF624A0F43900D02F31 /* Debug */,
				12558FF724A0F43900D02F31 /* Release */,
			);
			defaultConfigurationIsVisible = 0;
			defaultConfigurationName = Release;
		};
/* End XCConfigurationList section */

/* Begin XCVersionGroup section */
		12558FEA24A0F42C00D02F31 /* ToDoList.xcdatamodeld */ = {
			isa = XCVersionGroup;
			children = (
				12558FEB24A0F42C00D02F31 /* ToDoList.xcdatamodel */,
			);
			currentVersion = 12558FEB24A0F42C00D02F31 /* ToDoList.xcdatamodel */;
			path = ToDoList.xcdatamodeld;
			sourceTree = "<group>";
			versionGroupType = wrapper.xcdatamodel;
		};
/* End XCVersionGroup section */
	};
	rootObject = 12558FD624A0F42B00D02F31 /* Project object */;
}
